
Microsoft Visual Studio Solution File, Format Version 12.00
# Visual Studio Version 16
VisualStudioVersion = 16.0.31025.194
MinimumVisualStudioVersion = 10.0.40219.1
Project("{FAE04EC0-301F-11D3-BF4B-00C04F79EFBC}") = "WebQLDONDatHang", "WebQLDONDatHang\WebQLDONDatHang.csproj", "{5DBDF659-0E3E-4FBA-AD14-6FF393FB3FC2}"
EndProject
Global
	GlobalSection(SolutionConfigurationPlatforms) = preSolution
		Debug|Any CPU = Debug|Any CPU
		Release|Any CPU = Release|Any CPU
	EndGlobalSection
	GlobalSection(ProjectConfigurationPlatforms) = postSolution
		{5DBDF659-0E3E-4FBA-AD14-6FF393FB3FC2}.Debug|Any CPU.ActiveCfg = Debug|Any CPU
		{5DBDF659-0E3E-4FBA-AD14-6FF393FB3FC2}.Debug|Any CPU.Build.0 = Debug|Any CPU
		{5DBDF659-0E3E-4FBA-AD14-6FF393FB3FC2}.Release|Any CPU.ActiveCfg = Release|Any CPU
		{5DBDF659-0E3E-4FBA-AD14-6FF393FB3FC2}.Release|Any CPU.Build.0 = Release|Any CPU
	EndGlobalSection
	GlobalSection(SolutionProperties) = preSolution
		HideSolutionNode = FALSE
	EndGlobalSection
	GlobalSection(ExtensibilityGlobals) = postSolution
		SolutionGuid = {C3E0AE21-6983-4BB8-AB8F-694A120A45C7}
	EndGlobalSection
EndGlobal
